
Microsoft Visual Studio Solution File, Format Version 12.00
# Visual Studio Version 16
VisualStudioVersion = 25.0.1704.0
MinimumVisualStudioVersion = 10.0.40219.1
Project("{FAE04EC0-301F-11D3-BF4B-00C04F79EFBC}") = "ServiceDaprized", "ServiceDaprized.csproj", "{8FD28743-39EA-4EE6-ACD4-99394F99865D}"
EndProject
Global
	GlobalSection(SolutionConfigurationPlatforms) = preSolution
		Debug|Any CPU = Debug|Any CPU
		Release|Any CPU = Release|Any CPU
	EndGlobalSection
	GlobalSection(ProjectConfigurationPlatforms) = postSolution
		{8FD28743-39EA-4EE6-ACD4-99394F99865D}.Debug|Any CPU.ActiveCfg = Debug|Any CPU
		{8FD28743-39EA-4EE6-ACD4-99394F99865D}.Debug|Any CPU.Build.0 = Debug|Any CPU
		{8FD28743-39EA-4EE6-ACD4-99394F99865D}.Release|Any CPU.ActiveCfg = Release|Any CPU
		{8FD28743-39EA-4EE6-ACD4-99394F99865D}.Release|Any CPU.Build.0 = Release|Any CPU
	EndGlobalSection
	GlobalSection(SolutionProperties) = preSolution
		HideSolutionNode = FALSE
	EndGlobalSection
	GlobalSection(ExtensibilityGlobals) = postSolution
		SolutionGuid = {568CCAD9-6B3F-4543-A0DE-3F695B33E59F}
	EndGlobalSection
EndGlobal
