
Microsoft Visual Studio Solution File, Format Version 12.00
# Visual Studio Version 16
VisualStudioVersion = 25.0.1704.0
MinimumVisualStudioVersion = 10.0.40219.1
Project("{FAE04EC0-301F-11D3-BF4B-00C04F79EFBC}") = "ClientDaprized", "ClientDaprized.csproj", "{F2F31ADA-FE25-4F4D-B842-62498966BD73}"
EndProject
Global
	GlobalSection(SolutionConfigurationPlatforms) = preSolution
		Debug|Any CPU = Debug|Any CPU
		Release|Any CPU = Release|Any CPU
	EndGlobalSection
	GlobalSection(ProjectConfigurationPlatforms) = postSolution
		{F2F31ADA-FE25-4F4D-B842-62498966BD73}.Debug|Any CPU.ActiveCfg = Debug|Any CPU
		{F2F31ADA-FE25-4F4D-B842-62498966BD73}.Debug|Any CPU.Build.0 = Debug|Any CPU
		{F2F31ADA-FE25-4F4D-B842-62498966BD73}.Release|Any CPU.ActiveCfg = Release|Any CPU
		{F2F31ADA-FE25-4F4D-B842-62498966BD73}.Release|Any CPU.Build.0 = Release|Any CPU
	EndGlobalSection
	GlobalSection(SolutionProperties) = preSolution
		HideSolutionNode = FALSE
	EndGlobalSection
	GlobalSection(ExtensibilityGlobals) = postSolution
		SolutionGuid = {B4576981-66EE-4480-84BF-4C8B0314D2E6}
	EndGlobalSection
EndGlobal
